// !$*UTF8*$!
{
	archiveVersion = 1;
	classes = {
	};
	objectVersion = 56;
	objects = {

/* Begin PBXBuildFile section */
		DB8395C22D6C61C10046EBAE /* CoreDataManager.swift in Sources */ = {isa = PBXBuildFile; fileRef = DB8395C12D6C61C10046EBAE /* CoreDataManager.swift */; };
		DB8395C42D6C6E250046EBAE /* ValueTransformer.swift in Sources */ = {isa = PBXBuildFile; fileRef = DB8395C32D6C6E250046EBAE /* ValueTransformer.swift */; };
		DB8395C62D6C88340046EBAE /* FavoritesView.swift in Sources */ = {isa = PBXBuildFile; fileRef = DB8395C52D6C88340046EBAE /* FavoritesView.swift */; };
		DB8A92402D63853900195620 /* PokedexApp.swift in Sources */ = {isa = PBXBuildFile; fileRef = DB8A923F2D63853900195620 /* PokedexApp.swift */; };
		DB8A92422D63853900195620 /* ContentView.swift in Sources */ = {isa = PBXBuildFile; fileRef = DB8A92412D63853900195620 /* ContentView.swift */; };
		DB8A92442D63853B00195620 /* Assets.xcassets in Resources */ = {isa = PBXBuildFile; fileRef = DB8A92432D63853B00195620 /* Assets.xcassets */; };
		DB8A92472D63853B00195620 /* Preview Assets.xcassets in Resources */ = {isa = PBXBuildFile; fileRef = DB8A92462D63853B00195620 /* Preview Assets.xcassets */; };
		DB8A92492D63853B00195620 /* Persistence.swift in Sources */ = {isa = PBXBuildFile; fileRef = DB8A92482D63853B00195620 /* Persistence.swift */; };
		DB8A924C2D63853B00195620 /* Pokedex.xcdatamodeld in Sources */ = {isa = PBXBuildFile; fileRef = DB8A924A2D63853B00195620 /* Pokedex.xcdatamodeld */; };
		DB8A92562D63853C00195620 /* PokedexTests.swift in Sources */ = {isa = PBXBuildFile; fileRef = DB8A92552D63853C00195620 /* PokedexTests.swift */; };
		DB8A92602D63853C00195620 /* PokedexUITests.swift in Sources */ = {isa = PBXBuildFile; fileRef = DB8A925F2D63853C00195620 /* PokedexUITests.swift */; };
		DB8A92622D63853C00195620 /* PokedexUITestsLaunchTests.swift in Sources */ = {isa = PBXBuildFile; fileRef = DB8A92612D63853C00195620 /* PokedexUITestsLaunchTests.swift */; };
		DB8A92712D63855600195620 /* SearchBar.swift in Sources */ = {isa = PBXBuildFile; fileRef = DB8A92702D63855600195620 /* SearchBar.swift */; };
		DB8A92732D63856000195620 /* PokemonDetailView.swift in Sources */ = {isa = PBXBuildFile; fileRef = DB8A92722D63855F00195620 /* PokemonDetailView.swift */; };
		DB8A92782D63857600195620 /* PokemonViewModel.swift in Sources */ = {isa = PBXBuildFile; fileRef = DB8A92742D63857500195620 /* PokemonViewModel.swift */; };
		DB8A927A2D63857600195620 /* PokemonListView.swift in Sources */ = {isa = PBXBuildFile; fileRef = DB8A92762D63857600195620 /* PokemonListView.swift */; };
		DB8A927B2D63857600195620 /* Pokemon.swift in Sources */ = {isa = PBXBuildFile; fileRef = DB8A92772D63857600195620 /* Pokemon.swift */; };
/* End PBXBuildFile section */

/* Begin PBXContainerItemProxy section */
		DB8A92522D63853C00195620 /* PBXContainerItemProxy */ = {
			isa = PBXContainerItemProxy;
			containerPortal = DB8A92342D63853900195620 /* Project object */;
			proxyType = 1;
			remoteGlobalIDString = DB8A923B2D63853900195620;
			remoteInfo = Pokedex;
		};
		DB8A925C2D63853C00195620 /* PBXContainerItemProxy */ = {
			isa = PBXContainerItemProxy;
			containerPortal = DB8A92342D63853900195620 /* Project object */;
			proxyType = 1;
			remoteGlobalIDString = DB8A923B2D63853900195620;
			remoteInfo = Pokedex;
		};
/* End PBXContainerItemProxy section */

/* Begin PBXFileReference section */
		DB8395C02D6C5C9A0046EBAE /* Info.plist */ = {isa = PBXFileReference; lastKnownFileType = text.plist; path = Info.plist; sourceTree = "<group>"; };
		DB8395C12D6C61C10046EBAE /* CoreDataManager.swift */ = {isa = PBXFileReference; lastKnownFileType = sourcecode.swift; path = CoreDataManager.swift; sourceTree = "<group>"; };
		DB8395C32D6C6E250046EBAE /* ValueTransformer.swift */ = {isa = PBXFileReference; lastKnownFileType = sourcecode.swift; path = ValueTransformer.swift; sourceTree = "<group>"; };
		DB8395C52D6C88340046EBAE /* FavoritesView.swift */ = {isa = PBXFileReference; lastKnownFileType = sourcecode.swift; path = FavoritesView.swift; sourceTree = "<group>"; };
		DB8A923C2D63853900195620 /* Pokedex.app */ = {isa = PBXFileReference; explicitFileType = wrapper.application; includeInIndex = 0; path = Pokedex.app; sourceTree = BUILT_PRODUCTS_DIR; };
		DB8A923F2D63853900195620 /* PokedexApp.swift */ = {isa = PBXFileReference; lastKnownFileType = sourcecode.swift; path = PokedexApp.swift; sourceTree = "<group>"; };
		DB8A92412D63853900195620 /* ContentView.swift */ = {isa = PBXFileReference; lastKnownFileType = sourcecode.swift; path = ContentView.swift; sourceTree = "<group>"; };
		DB8A92432D63853B00195620 /* Assets.xcassets */ = {isa = PBXFileReference; lastKnownFileType = folder.assetcatalog; path = Assets.xcassets; sourceTree = "<group>"; };
		DB8A92462D63853B00195620 /* Preview Assets.xcassets */ = {isa = PBXFileReference; lastKnownFileType = folder.assetcatalog; path = "Preview Assets.xcassets"; sourceTree = "<group>"; };
		DB8A92482D63853B00195620 /* Persistence.swift */ = {isa = PBXFileReference; lastKnownFileType = sourcecode.swift; path = Persistence.swift; sourceTree = "<group>"; };
		DB8A924B2D63853B00195620 /* Pokedex.xcdatamodel */ = {isa = PBXFileReference; lastKnownFileType = wrapper.xcdatamodel; path = Pokedex.xcdatamodel; sourceTree = "<group>"; };
		DB8A92512D63853C00195620 /* PokedexTests.xctest */ = {isa = PBXFileReference; explicitFileType = wrapper.cfbundle; includeInIndex = 0; path = PokedexTests.xctest; sourceTree = BUILT_PRODUCTS_DIR; };
		DB8A92552D63853C00195620 /* PokedexTests.swift */ = {isa = PBXFileReference; lastKnownFileType = sourcecode.swift; path = PokedexTests.swift; sourceTree = "<group>"; };
		DB8A925B2D63853C00195620 /* PokedexUITests.xctest */ = {isa = PBXFileReference; explicitFileType = wrapper.cfbundle; includeInIndex = 0; path = PokedexUITests.xctest; sourceTree = BUILT_PRODUCTS_DIR; };
		DB8A925F2D63853C00195620 /* PokedexUITests.swift */ = {isa = PBXFileReference; lastKnownFileType = sourcecode.swift; path = PokedexUITests.swift; sourceTree = "<group>"; };
		DB8A92612D63853C00195620 /* PokedexUITestsLaunchTests.swift */ = {isa = PBXFileReference; lastKnownFileType = sourcecode.swift; path = PokedexUITestsLaunchTests.swift; sourceTree = "<group>"; };
		DB8A92702D63855600195620 /* SearchBar.swift */ = {isa = PBXFileReference; fileEncoding = 4; lastKnownFileType = sourcecode.swift; name = SearchBar.swift; path = PokedexUITests/SearchBar.swift; sourceTree = SOURCE_ROOT; };
		DB8A92722D63855F00195620 /* PokemonDetailView.swift */ = {isa = PBXFileReference; fileEncoding = 4; lastKnownFileType = sourcecode.swift; path = PokemonDetailView.swift; sourceTree = "<group>"; };
		DB8A92742D63857500195620 /* PokemonViewModel.swift */ = {isa = PBXFileReference; fileEncoding = 4; lastKnownFileType = sourcecode.swift; path = PokemonViewModel.swift; sourceTree = "<group>"; };
		DB8A92762D63857600195620 /* PokemonListView.swift */ = {isa = PBXFileReference; fileEncoding = 4; lastKnownFileType = sourcecode.swift; path = PokemonListView.swift; sourceTree = "<group>"; };
		DB8A92772D63857600195620 /* Pokemon.swift */ = {isa = PBXFileReference; fileEncoding = 4; lastKnownFileType = sourcecode.swift; path = Pokemon.swift; sourceTree = "<group>"; };
/* End PBXFileReference section */

/* Begin PBXFrameworksBuildPhase section */
		DB8A92392D63853900195620 /* Frameworks */ = {
			isa = PBXFrameworksBuildPhase;
			buildActionMask = 2147483647;
			files = (
			);
			runOnlyForDeploymentPostprocessing = 0;
		};
		DB8A924E2D63853C00195620 /* Frameworks */ = {
			isa = PBXFrameworksBuildPhase;
			buildActionMask = 2147483647;
			files = (
			);
			runOnlyForDeploymentPostprocessing = 0;
		};
		DB8A92582D63853C00195620 /* Frameworks */ = {
			isa = PBXFrameworksBuildPhase;
			buildActionMask = 2147483647;
			files = (
			);
			runOnlyForDeploymentPostprocessing = 0;
		};
/* End PBXFrameworksBuildPhase section */

/* Begin PBXGroup section */
		DB8A92332D63853900195620 = {
			isa = PBXGroup;
			children = (
				DB8A923E2D63853900195620 /* Pokedex */,
				DB8A92542D63853C00195620 /* PokedexTests */,
				DB8A925E2D63853C00195620 /* PokedexUITests */,
				DB8A923D2D63853900195620 /* Products */,
			);
			sourceTree = "<group>";
		};
		DB8A923D2D63853900195620 /* Products */ = {
			isa = PBXGroup;
			children = (
				DB8A923C2D63853900195620 /* Pokedex.app */,
				DB8A92512D63853C00195620 /* PokedexTests.xctest */,
				DB8A925B2D63853C00195620 /* PokedexUITests.xctest */,
			);
			name = Products;
			sourceTree = "<group>";
		};
		DB8A923E2D63853900195620 /* Pokedex */ = {
			isa = PBXGroup;
			children = (
				DB8395C02D6C5C9A0046EBAE /* Info.plist */,
				DB8A923F2D63853900195620 /* PokedexApp.swift */,
				DB8A92412D63853900195620 /* ContentView.swift */,
				DB8A92432D63853B00195620 /* Assets.xcassets */,
				DB8A92482D63853B00195620 /* Persistence.swift */,
				DB8A92702D63855600195620 /* SearchBar.swift */,
				DB8A92722D63855F00195620 /* PokemonDetailView.swift */,
				DB8A924A2D63853B00195620 /* Pokedex.xcdatamodeld */,
				DB8A92772D63857600195620 /* Pokemon.swift */,
				DB8A92762D63857600195620 /* PokemonListView.swift */,
				DB8A92742D63857500195620 /* PokemonViewModel.swift */,
				DB8A92452D63853B00195620 /* Preview Content */,
				DB8395C12D6C61C10046EBAE /* CoreDataManager.swift */,
				DB8395C32D6C6E250046EBAE /* ValueTransformer.swift */,
				DB8395C52D6C88340046EBAE /* FavoritesView.swift */,
			);
			path = Pokedex;
			sourceTree = "<group>";
		};
		DB8A92452D63853B00195620 /* Preview Content */ = {
			isa = PBXGroup;
			children = (
				DB8A92462D63853B00195620 /* Preview Assets.xcassets */,
			);
			path = "Preview Content";
			sourceTree = "<group>";
		};
		DB8A92542D63853C00195620 /* PokedexTests */ = {
			isa = PBXGroup;
			children = (
				DB8A92552D63853C00195620 /* PokedexTests.swift */,
			);
			path = PokedexTests;
			sourceTree = "<group>";
		};
		DB8A925E2D63853C00195620 /* PokedexUITests */ = {
			isa = PBXGroup;
			children = (
				DB8A925F2D63853C00195620 /* PokedexUITests.swift */,
				DB8A92612D63853C00195620 /* PokedexUITestsLaunchTests.swift */,
			);
			path = PokedexUITests;
			sourceTree = "<group>";
		};
/* End PBXGroup section */

/* Begin PBXNativeTarget section */
		DB8A923B2D63853900195620 /* Pokedex */ = {
			isa = PBXNativeTarget;
			buildConfigurationList = DB8A92652D63853C00195620 /* Build configuration list for PBXNativeTarget "Pokedex" */;
			buildPhases = (
				DB8A92382D63853900195620 /* Sources */,
				DB8A92392D63853900195620 /* Frameworks */,
				DB8A923A2D63853900195620 /* Resources */,
			);
			buildRules = (
			);
			dependencies = (
			);
			name = Pokedex;
			productName = Pokedex;
			productReference = DB8A923C2D63853900195620 /* Pokedex.app */;
			productType = "com.apple.product-type.application";
		};
		DB8A92502D63853C00195620 /* PokedexTests */ = {
			isa = PBXNativeTarget;
			buildConfigurationList = DB8A92682D63853C00195620 /* Build configuration list for PBXNativeTarget "PokedexTests" */;
			buildPhases = (
				DB8A924D2D63853C00195620 /* Sources */,
				DB8A924E2D63853C00195620 /* Frameworks */,
				DB8A924F2D63853C00195620 /* Resources */,
			);
			buildRules = (
			);
			dependencies = (
				DB8A92532D63853C00195620 /* PBXTargetDependency */,
			);
			name = PokedexTests;
			productName = PokedexTests;
			productReference = DB8A92512D63853C00195620 /* PokedexTests.xctest */;
			productType = "com.apple.product-type.bundle.unit-test";
		};
		DB8A925A2D63853C00195620 /* PokedexUITests */ = {
			isa = PBXNativeTarget;
			buildConfigurationList = DB8A926B2D63853C00195620 /* Build configuration list for PBXNativeTarget "PokedexUITests" */;
			buildPhases = (
				DB8A92572D63853C00195620 /* Sources */,
				DB8A92582D63853C00195620 /* Frameworks */,
				DB8A92592D63853C00195620 /* Resources */,
			);
			buildRules = (
			);
			dependencies = (
				DB8A925D2D63853C00195620 /* PBXTargetDependency */,
			);
			name = PokedexUITests;
			productName = PokedexUITests;
			productReference = DB8A925B2D63853C00195620 /* PokedexUITests.xctest */;
			productType = "com.apple.product-type.bundle.ui-testing";
		};
/* End PBXNativeTarget section */

/* Begin PBXProject section */
		DB8A92342D63853900195620 /* Project object */ = {
			isa = PBXProject;
			attributes = {
				BuildIndependentTargetsInParallel = 1;
				LastSwiftUpdateCheck = 1500;
				LastUpgradeCheck = 1500;
				TargetAttributes = {
					DB8A923B2D63853900195620 = {
						CreatedOnToolsVersion = 15.0.1;
					};
					DB8A92502D63853C00195620 = {
						CreatedOnToolsVersion = 15.0.1;
						TestTargetID = DB8A923B2D63853900195620;
					};
					DB8A925A2D63853C00195620 = {
						CreatedOnToolsVersion = 15.0.1;
						TestTargetID = DB8A923B2D63853900195620;
					};
				};
			};
			buildConfigurationList = DB8A92372D63853900195620 /* Build configuration list for PBXProject "Pokedex" */;
			compatibilityVersion = "Xcode 14.0";
			developmentRegion = en;
			hasScannedForEncodings = 0;
			knownRegions = (
				en,
				Base,
			);
			mainGroup = DB8A92332D63853900195620;
			productRefGroup = DB8A923D2D63853900195620 /* Products */;
			projectDirPath = "";
			projectRoot = "";
			targets = (
				DB8A923B2D63853900195620 /* Pokedex */,
				DB8A92502D63853C00195620 /* PokedexTests */,
				DB8A925A2D63853C00195620 /* PokedexUITests */,
			);
		};
/* End PBXProject section */

/* Begin PBXResourcesBuildPhase section */
		DB8A923A2D63853900195620 /* Resources */ = {
			isa = PBXResourcesBuildPhase;
			buildActionMask = 2147483647;
			files = (
				DB8A92472D63853B00195620 /* Preview Assets.xcassets in Resources */,
				DB8A92442D63853B00195620 /* Assets.xcassets in Resources */,
			);
			runOnlyForDeploymentPostprocessing = 0;
		};
		DB8A924F2D63853C00195620 /* Resources */ = {
			isa = PBXResourcesBuildPhase;
			buildActionMask = 2147483647;
			files = (
			);
			runOnlyForDeploymentPostprocessing = 0;
		};
		DB8A92592D63853C00195620 /* Resources */ = {
			isa = PBXResourcesBuildPhase;
			buildActionMask = 2147483647;
			files = (
			);
			runOnlyForDeploymentPostprocessing = 0;
		};
/* End PBXResourcesBuildPhase section */

/* Begin PBXSourcesBuildPhase section */
		DB8A92382D63853900195620 /* Sources */ = {
			isa = PBXSourcesBuildPhase;
			buildActionMask = 2147483647;
			files = (
				DB8A927A2D63857600195620 /* PokemonListView.swift in Sources */,
				DB8395C42D6C6E250046EBAE /* ValueTransformer.swift in Sources */,
				DB8A924C2D63853B00195620 /* Pokedex.xcdatamodeld in Sources */,
				DB8A92492D63853B00195620 /* Persistence.swift in Sources */,
				DB8A92422D63853900195620 /* ContentView.swift in Sources */,
				DB8A927B2D63857600195620 /* Pokemon.swift in Sources */,
				DB8A92402D63853900195620 /* PokedexApp.swift in Sources */,
				DB8A92732D63856000195620 /* PokemonDetailView.swift in Sources */,
				DB8395C62D6C88340046EBAE /* FavoritesView.swift in Sources */,
				DB8A92782D63857600195620 /* PokemonViewModel.swift in Sources */,
				DB8395C22D6C61C10046EBAE /* CoreDataManager.swift in Sources */,
				DB8A92712D63855600195620 /* SearchBar.swift in Sources */,
			);
			runOnlyForDeploymentPostprocessing = 0;
		};
		DB8A924D2D63853C00195620 /* Sources */ = {
			isa = PBXSourcesBuildPhase;
			buildActionMask = 2147483647;
			files = (
				DB8A92562D63853C00195620 /* PokedexTests.swift in Sources */,
			);
			runOnlyForDeploymentPostprocessing = 0;
		};
		DB8A92572D63853C00195620 /* Sources */ = {
			isa = PBXSourcesBuildPhase;
			buildActionMask = 2147483647;
			files = (
				DB8A92602D63853C00195620 /* PokedexUITests.swift in Sources */,
				DB8A92622D63853C00195620 /* PokedexUITestsLaunchTests.swift in Sources */,
			);
			runOnlyForDeploymentPostprocessing = 0;
		};
/* End PBXSourcesBuildPhase section */

/* Begin PBXTargetDependency section */
		DB8A92532D63853C00195620 /* PBXTargetDependency */ = {
			isa = PBXTargetDependency;
			target = DB8A923B2D63853900195620 /* Pokedex */;
			targetProxy = DB8A92522D63853C00195620 /* PBXContainerItemProxy */;
		};
		DB8A925D2D63853C00195620 /* PBXTargetDependency */ = {
			isa = PBXTargetDependency;
			target = DB8A923B2D63853900195620 /* Pokedex */;
			targetProxy = DB8A925C2D63853C00195620 /* PBXContainerItemProxy */;
		};
/* End PBXTargetDependency section */

/* Begin XCBuildConfiguration section */
		DB8A92632D63853C00195620 /* Debug */ = {
			isa = XCBuildConfiguration;
			buildSettings = {
				ALWAYS_SEARCH_USER_PATHS = NO;
				ASSETCATALOG_COMPILER_GENERATE_SWIFT_ASSET_SYMBOL_EXTENSIONS = YES;
				CLANG_ANALYZER_NONNULL = YES;
				CLANG_ANALYZER_NUMBER_OBJECT_CONVERSION = YES_AGGRESSIVE;
				CLANG_CXX_LANGUAGE_STANDARD = "gnu++20";
				CLANG_ENABLE_MODULES = YES;
				CLANG_ENABLE_OBJC_ARC = YES;
				CLANG_ENABLE_OBJC_WEAK = YES;
				CLANG_WARN_BLOCK_CAPTURE_AUTORELEASING = YES;
				CLANG_WARN_BOOL_CONVERSION = YES;
				CLANG_WARN_COMMA = YES;
				CLANG_WARN_CONSTANT_CONVERSION = YES;
				CLANG_WARN_DEPRECATED_OBJC_IMPLEMENTATIONS = YES;
				CLANG_WARN_DIRECT_OBJC_ISA_USAGE = YES_ERROR;
				CLANG_WARN_DOCUMENTATION_COMMENTS = YES;
				CLANG_WARN_EMPTY_BODY = YES;
				CLANG_WARN_ENUM_CONVERSION = YES;
				CLANG_WARN_INFINITE_RECURSION = YES;
				CLANG_WARN_INT_CONVERSION = YES;
				CLANG_WARN_NON_LITERAL_NULL_CONVERSION = YES;
				CLANG_WARN_OBJC_IMPLICIT_RETAIN_SELF = YES;
				CLANG_WARN_OBJC_LITERAL_CONVERSION = YES;
				CLANG_WARN_OBJC_ROOT_CLASS = YES_ERROR;
				CLANG_WARN_QUOTED_INCLUDE_IN_FRAMEWORK_HEADER = YES;
				CLANG_WARN_RANGE_LOOP_ANALYSIS = YES;
				CLANG_WARN_STRICT_PROTOTYPES = YES;
				CLANG_WARN_SUSPICIOUS_MOVE = YES;
				CLANG_WARN_UNGUARDED_AVAILABILITY = YES_AGGRESSIVE;
				CLANG_WARN_UNREACHABLE_CODE = YES;
				CLANG_WARN__DUPLICATE_METHOD_MATCH = YES;
				COPY_PHASE_STRIP = NO;
				DEBUG_INFORMATION_FORMAT = dwarf;
				ENABLE_STRICT_OBJC_MSGSEND = YES;
				ENABLE_TESTABILITY = YES;
				ENABLE_USER_SCRIPT_SANDBOXING = YES;
				GCC_C_LANGUAGE_STANDARD = gnu17;
				GCC_DYNAMIC_NO_PIC = NO;
				GCC_NO_COMMON_BLOCKS = YES;
				GCC_OPTIMIZATION_LEVEL = 0;
				GCC_PREPROCESSOR_DEFINITIONS = (
					"DEBUG=1",
					"$(inherited)",
				);
				GCC_WARN_64_TO_32_BIT_CONVERSION = YES;
				GCC_WARN_ABOUT_RETURN_TYPE = YES_ERROR;
				GCC_WARN_UNDECLARED_SELECTOR = YES;
				GCC_WARN_UNINITIALIZED_AUTOS = YES_AGGRESSIVE;
				GCC_WARN_UNUSED_FUNCTION = YES;
				GCC_WARN_UNUSED_VARIABLE = YES;
				IPHONEOS_DEPLOYMENT_TARGET = 17.0;
				LOCALIZATION_PREFERS_STRING_CATALOGS = YES;
				MTL_ENABLE_DEBUG_INFO = INCLUDE_SOURCE;
				MTL_FAST_MATH = YES;
				ONLY_ACTIVE_ARCH = YES;
				SDKROOT = iphoneos;
				SWIFT_ACTIVE_COMPILATION_CONDITIONS = "DEBUG $(inherited)";
				SWIFT_OPTIMIZATION_LEVEL = "-Onone";
			};
			name = Debug;
		};
		DB8A92642D63853C00195620 /* Release */ = {
			isa = XCBuildConfiguration;
			buildSettings = {
				ALWAYS_SEARCH_USER_PATHS = NO;
				ASSETCATALOG_COMPILER_GENERATE_SWIFT_ASSET_SYMBOL_EXTENSIONS = YES;
				CLANG_ANALYZER_NONNULL = YES;
				CLANG_ANALYZER_NUMBER_OBJECT_CONVERSION = YES_AGGRESSIVE;
				CLANG_CXX_LANGUAGE_STANDARD = "gnu++20";
				CLANG_ENABLE_MODULES = YES;
				CLANG_ENABLE_OBJC_ARC = YES;
				CLANG_ENABLE_OBJC_WEAK = YES;
				CLANG_WARN_BLOCK_CAPTURE_AUTORELEASING = YES;
				CLANG_WARN_BOOL_CONVERSION = YES;
				CLANG_WARN_COMMA = YES;
				CLANG_WARN_CONSTANT_CONVERSION = YES;
				CLANG_WARN_DEPRECATED_OBJC_IMPLEMENTATIONS = YES;
				CLANG_WARN_DIRECT_OBJC_ISA_USAGE = YES_ERROR;
				CLANG_WARN_DOCUMENTATION_COMMENTS = YES;
				CLANG_WARN_EMPTY_BODY = YES;
				CLANG_WARN_ENUM_CONVERSION = YES;
				CLANG_WARN_INFINITE_RECURSION = YES;
				CLANG_WARN_INT_CONVERSION = YES;
				CLANG_WARN_NON_LITERAL_NULL_CONVERSION = YES;
				CLANG_WARN_OBJC_IMPLICIT_RETAIN_SELF = YES;
				CLANG_WARN_OBJC_LITERAL_CONVERSION = YES;
				CLANG_WARN_OBJC_ROOT_CLASS = YES_ERROR;
				CLANG_WARN_QUOTED_INCLUDE_IN_FRAMEWORK_HEADER = YES;
				CLANG_WARN_RANGE_LOOP_ANALYSIS = YES;
				CLANG_WARN_STRICT_PROTOTYPES = YES;
				CLANG_WARN_SUSPICIOUS_MOVE = YES;
				CLANG_WARN_UNGUARDED_AVAILABILITY = YES_AGGRESSIVE;
				CLANG_WARN_UNREACHABLE_CODE = YES;
				CLANG_WARN__DUPLICATE_METHOD_MATCH = YES;
				COPY_PHASE_STRIP = NO;
				DEBUG_INFORMATION_FORMAT = "dwarf-with-dsym";
				ENABLE_NS_ASSERTIONS = NO;
				ENABLE_STRICT_OBJC_MSGSEND = YES;
				ENABLE_USER_SCRIPT_SANDBOXING = YES;
				GCC_C_LANGUAGE_STANDARD = gnu17;
				GCC_NO_COMMON_BLOCKS = YES;
				GCC_WARN_64_TO_32_BIT_CONVERSION = YES;
				GCC_WARN_ABOUT_RETURN_TYPE = YES_ERROR;
				GCC_WARN_UNDECLARED_SELECTOR = YES;
				GCC_WARN_UNINITIALIZED_AUTOS = YES_AGGRESSIVE;
				GCC_WARN_UNUSED_FUNCTION = YES;
				GCC_WARN_UNUSED_VARIABLE = YES;
				IPHONEOS_DEPLOYMENT_TARGET = 17.0;
				LOCALIZATION_PREFERS_STRING_CATALOGS = YES;
				MTL_ENABLE_DEBUG_INFO = NO;
				MTL_FAST_MATH = YES;
				SDKROOT = iphoneos;
				SWIFT_COMPILATION_MODE = wholemodule;
				VALIDATE_PRODUCT = YES;
			};
			name = Release;
		};
		DB8A92662D63853C00195620 /* Debug */ = {
			isa = XCBuildConfiguration;
			buildSettings = {
				ASSETCATALOG_COMPILER_APPICON_NAME = AppIcon;
				ASSETCATALOG_COMPILER_GLOBAL_ACCENT_COLOR_NAME = AccentColor;
				CODE_SIGN_STYLE = Automatic;
				CURRENT_PROJECT_VERSION = 1;
				DEVELOPMENT_ASSET_PATHS = "\"Pokedex/Preview Content\"";
				ENABLE_PREVIEWS = YES;
				GENERATE_INFOPLIST_FILE = YES;
				INFOPLIST_FILE = Pokedex/Info.plist;
				INFOPLIST_KEY_UIApplicationSceneManifest_Generation = YES;
				INFOPLIST_KEY_UIApplicationSupportsIndirectInputEvents = YES;
				INFOPLIST_KEY_UILaunchScreen_Generation = YES;
				INFOPLIST_KEY_UISupportedInterfaceOrientations_iPad = "UIInterfaceOrientationPortrait UIInterfaceOrientationPortraitUpsideDown UIInterfaceOrientationLandscapeLeft UIInterfaceOrientationLandscapeRight";
				INFOPLIST_KEY_UISupportedInterfaceOrientations_iPhone = "UIInterfaceOrientationPortrait UIInterfaceOrientationLandscapeLeft UIInterfaceOrientationLandscapeRight";
				LD_RUNPATH_SEARCH_PATHS = (
					"$(inherited)",
					"@executable_path/Frameworks",
				);
				MARKETING_VERSION = 1.0;
				PRODUCT_BUNDLE_IDENTIFIER = Jed.Pokedex;
				PRODUCT_NAME = "$(TARGET_NAME)";
				SWIFT_EMIT_LOC_STRINGS = YES;
				SWIFT_VERSION = 5.0;
				TARGETED_DEVICE_FAMILY = "1,2";
			};
			name = Debug;
		};
		DB8A92672D63853C00195620 /* Release */ = {
			isa = XCBuildConfiguration;
			buildSettings = {
				ASSETCATALOG_COMPILER_APPICON_NAME = AppIcon;
				ASSETCATALOG_COMPILER_GLOBAL_ACCENT_COLOR_NAME = AccentColor;
				CODE_SIGN_STYLE = Automatic;
				CURRENT_PROJECT_VERSION = 1;
				DEVELOPMENT_ASSET_PATHS = "\"Pokedex/Preview Content\"";
				ENABLE_PREVIEWS = YES;
				GENERATE_INFOPLIST_FILE = YES;
				INFOPLIST_FILE = Pokedex/Info.plist;
				INFOPLIST_KEY_UIApplicationSceneManifest_Generation = YES;
				INFOPLIST_KEY_UIApplicationSupportsIndirectInputEvents = YES;
				INFOPLIST_KEY_UILaunchScreen_Generation = YES;
				INFOPLIST_KEY_UISupportedInterfaceOrientations_iPad = "UIInterfaceOrientationPortrait UIInterfaceOrientationPortraitUpsideDown UIInterfaceOrientationLandscapeLeft UIInterfaceOrientationLandscapeRight";
				INFOPLIST_KEY_UISupportedInterfaceOrientations_iPhone = "UIInterfaceOrientationPortrait UIInterfaceOrientationLandscapeLeft UIInterfaceOrientationLandscapeRight";
				LD_RUNPATH_SEARCH_PATHS = (
					"$(inherited)",
					"@executable_path/Frameworks",
				);
				MARKETING_VERSION = 1.0;
				PRODUCT_BUNDLE_IDENTIFIER = Jed.Pokedex;
				PRODUCT_NAME = "$(TARGET_NAME)";
				SWIFT_EMIT_LOC_STRINGS = YES;
				SWIFT_VERSION = 5.0;
				TARGETED_DEVICE_FAMILY = "1,2";
			};
			name = Release;
		};
		DB8A92692D63853C00195620 /* Debug */ = {
			isa = XCBuildConfiguration;
			buildSettings = {
				ALWAYS_EMBED_SWIFT_STANDARD_LIBRARIES = YES;
				BUNDLE_LOADER = "$(TEST_HOST)";
				CODE_SIGN_STYLE = Automatic;
				CURRENT_PROJECT_VERSION = 1;
				GENERATE_INFOPLIST_FILE = YES;
				IPHONEOS_DEPLOYMENT_TARGET = 17.0;
				MARKETING_VERSION = 1.0;
				PRODUCT_BUNDLE_IDENTIFIER = Jed.PokedexTests;
				PRODUCT_NAME = "$(TARGET_NAME)";
				SWIFT_EMIT_LOC_STRINGS = NO;
				SWIFT_VERSION = 5.0;
				TARGETED_DEVICE_FAMILY = "1,2";
				TEST_HOST = "$(BUILT_PRODUCTS_DIR)/Pokedex.app/$(BUNDLE_EXECUTABLE_FOLDER_PATH)/Pokedex";
			};
			name = Debug;
		};
		DB8A926A2D63853C00195620 /* Release */ = {
			isa = XCBuildConfiguration;
			buildSettings = {
				ALWAYS_EMBED_SWIFT_STANDARD_LIBRARIES = YES;
				BUNDLE_LOADER = "$(TEST_HOST)";
				CODE_SIGN_STYLE = Automatic;
				CURRENT_PROJECT_VERSION = 1;
				GENERATE_INFOPLIST_FILE = YES;
				IPHONEOS_DEPLOYMENT_TARGET = 17.0;
				MARKETING_VERSION = 1.0;
				PRODUCT_BUNDLE_IDENTIFIER = Jed.PokedexTests;
				PRODUCT_NAME = "$(TARGET_NAME)";
				SWIFT_EMIT_LOC_STRINGS = NO;
				SWIFT_VERSION = 5.0;
				TARGETED_DEVICE_FAMILY = "1,2";
				TEST_HOST = "$(BUILT_PRODUCTS_DIR)/Pokedex.app/$(BUNDLE_EXECUTABLE_FOLDER_PATH)/Pokedex";
			};
			name = Release;
		};
		DB8A926C2D63853C00195620 /* Debug */ = {
			isa = XCBuildConfiguration;
			buildSettings = {
				ALWAYS_EMBED_SWIFT_STANDARD_LIBRARIES = YES;
				CODE_SIGN_STYLE = Automatic;
				CURRENT_PROJECT_VERSION = 1;
				GENERATE_INFOPLIST_FILE = YES;
				MARKETING_VERSION = 1.0;
				PRODUCT_BUNDLE_IDENTIFIER = Jed.PokedexUITests;
				PRODUCT_NAME = "$(TARGET_NAME)";
				SWIFT_EMIT_LOC_STRINGS = NO;
				SWIFT_VERSION = 5.0;
				TARGETED_DEVICE_FAMILY = "1,2";
				TEST_TARGET_NAME = Pokedex;
			};
			name = Debug;
		};
		DB8A926D2D63853C00195620 /* Release */ = {
			isa = XCBuildConfiguration;
			buildSettings = {
				ALWAYS_EMBED_SWIFT_STANDARD_LIBRARIES = YES;
				CODE_SIGN_STYLE = Automatic;
				CURRENT_PROJECT_VERSION = 1;
				GENERATE_INFOPLIST_FILE = YES;
				MARKETING_VERSION = 1.0;
				PRODUCT_BUNDLE_IDENTIFIER = Jed.PokedexUITests;
				PRODUCT_NAME = "$(TARGET_NAME)";
				SWIFT_EMIT_LOC_STRINGS = NO;
				SWIFT_VERSION = 5.0;
				TARGETED_DEVICE_FAMILY = "1,2";
				TEST_TARGET_NAME = Pokedex;
			};
			name = Release;
		};
/* End XCBuildConfiguration section */

/* Begin XCConfigurationList section */
		DB8A92372D63853900195620 /* Build configuration list for PBXProject "Pokedex" */ = {
			isa = XCConfigurationList;
			buildConfigurations = (
				DB8A92632D63853C00195620 /* Debug */,
				DB8A92642D63853C00195620 /* Release */,
			);
			defaultConfigurationIsVisible = 0;
			defaultConfigurationName = Release;
		};
		DB8A92652D63853C00195620 /* Build configuration list for PBXNativeTarget "Pokedex" */ = {
			isa = XCConfigurationList;
			buildConfigurations = (
				DB8A92662D63853C00195620 /* Debug */,
				DB8A92672D63853C00195620 /* Release */,
			);
			defaultConfigurationIsVisible = 0;
			defaultConfigurationName = Release;
		};
		DB8A92682D63853C00195620 /* Build configuration list for PBXNativeTarget "PokedexTests" */ = {
			isa = XCConfigurationList;
			buildConfigurations = (
				DB8A92692D63853C00195620 /* Debug */,
				DB8A926A2D63853C00195620 /* Release */,
			);
			defaultConfigurationIsVisible = 0;
			defaultConfigurationName = Release;
		};
		DB8A926B2D63853C00195620 /* Build configuration list for PBXNativeTarget "PokedexUITests" */ = {
			isa = XCConfigurationList;
			buildConfigurations = (
				DB8A926C2D63853C00195620 /* Debug */,
				DB8A926D2D63853C00195620 /* Release */,
			);
			defaultConfigurationIsVisible = 0;
			defaultConfigurationName = Release;
		};
/* End XCConfigurationList section */

/* Begin XCVersionGroup section */
		DB8A924A2D63853B00195620 /* Pokedex.xcdatamodeld */ = {
			isa = XCVersionGroup;
			children = (
				DB8A924B2D63853B00195620 /* Pokedex.xcdatamodel */,
			);
			currentVersion = DB8A924B2D63853B00195620 /* Pokedex.xcdatamodel */;
			path = Pokedex.xcdatamodeld;
			sourceTree = "<group>";
			versionGroupType = wrapper.xcdatamodel;
		};
/* End XCVersionGroup section */
	};
	rootObject = DB8A92342D63853900195620 /* Project object */;
}
